// !$*UTF8*$!
{
	archiveVersion = 1;
	classes = {
	};
	objectVersion = 55;
	objects = {

/* Begin PBXBuildFile section */
		3A10ED862872C63B002FF941 /* SheetWithDragGestureApp.swift in Sources */ = {isa = PBXBuildFile; fileRef = 3A10ED852872C63B002FF941 /* SheetWithDragGestureApp.swift */; };
		3A10ED882872C63B002FF941 /* ContentView.swift in Sources */ = {isa = PBXBuildFile; fileRef = 3A10ED872872C63B002FF941 /* ContentView.swift */; };
		3A10ED8A2872C63D002FF941 /* Assets.xcassets in Resources */ = {isa = PBXBuildFile; fileRef = 3A10ED892872C63D002FF941 /* Assets.xcassets */; };
		3A10ED8D2872C63D002FF941 /* Preview Assets.xcassets in Resources */ = {isa = PBXBuildFile; fileRef = 3A10ED8C2872C63D002FF941 /* Preview Assets.xcassets */; };
		3A10ED952872CA50002FF941 /* Home.swift in Sources */ = {isa = PBXBuildFile; fileRef = 3A10ED942872CA50002FF941 /* Home.swift */; };
		3A10ED972872CC3F002FF941 /* BlurView.swift in Sources */ = {isa = PBXBuildFile; fileRef = 3A10ED962872CC3F002FF941 /* BlurView.swift */; };
		3A10ED992872CDEE002FF941 /* CustomCorner.swift in Sources */ = {isa = PBXBuildFile; fileRef = 3A10ED982872CDEE002FF941 /* CustomCorner.swift */; };
		3A10ED9B2872D80E002FF941 /* BottomContent.swift in Sources */ = {isa = PBXBuildFile; fileRef = 3A10ED9A2872D80E002FF941 /* BottomContent.swift */; };
/* End PBXBuildFile section */

/* Begin PBXFileReference section */
		3A10ED822872C63B002FF941 /* SheetWithDragGesture.app */ = {isa = PBXFileReference; explicitFileType = wrapper.application; includeInIndex = 0; path = SheetWithDragGesture.app; sourceTree = BUILT_PRODUCTS_DIR; };
		3A10ED852872C63B002FF941 /* SheetWithDragGestureApp.swift */ = {isa = PBXFileReference; lastKnownFileType = sourcecode.swift; path = SheetWithDragGestureApp.swift; sourceTree = "<group>"; };
		3A10ED872872C63B002FF941 /* ContentView.swift */ = {isa = PBXFileReference; lastKnownFileType = sourcecode.swift; path = ContentView.swift; sourceTree = "<group>"; };
		3A10ED892872C63D002FF941 /* Assets.xcassets */ = {isa = PBXFileReference; lastKnownFileType = folder.assetcatalog; path = Assets.xcassets; sourceTree = "<group>"; };
		3A10ED8C2872C63D002FF941 /* Preview Assets.xcassets */ = {isa = PBXFileReference; lastKnownFileType = folder.assetcatalog; path = "Preview Assets.xcassets"; sourceTree = "<group>"; };
		3A10ED942872CA50002FF941 /* Home.swift */ = {isa = PBXFileReference; lastKnownFileType = sourcecode.swift; path = Home.swift; sourceTree = "<group>"; };
		3A10ED962872CC3F002FF941 /* BlurView.swift */ = {isa = PBXFileReference; lastKnownFileType = sourcecode.swift; path = BlurView.swift; sourceTree = "<group>"; };
		3A10ED982872CDEE002FF941 /* CustomCorner.swift */ = {isa = PBXFileReference; lastKnownFileType = sourcecode.swift; path = CustomCorner.swift; sourceTree = "<group>"; };
		3A10ED9A2872D80E002FF941 /* BottomContent.swift */ = {isa = PBXFileReference; lastKnownFileType = sourcecode.swift; path = BottomContent.swift; sourceTree = "<group>"; };
/* End PBXFileReference section */

/* Begin PBXFrameworksBuildPhase section */
		3A10ED7F2872C63B002FF941 /* Frameworks */ = {
			isa = PBXFrameworksBuildPhase;
			buildActionMask = 2147483647;
			files = (
			);
			runOnlyForDeploymentPostprocessing = 0;
		};
/* End PBXFrameworksBuildPhase section */

/* Begin PBXGroup section */
		3A10ED792872C63B002FF941 = {
			isa = PBXGroup;
			children = (
				3A10ED842872C63B002FF941 /* SheetWithDragGesture */,
				3A10ED832872C63B002FF941 /* Products */,
			);
			sourceTree = "<group>";
		};
		3A10ED832872C63B002FF941 /* Products */ = {
			isa = PBXGroup;
			children = (
				3A10ED822872C63B002FF941 /* SheetWithDragGesture.app */,
			);
			name = Products;
			sourceTree = "<group>";
		};
		3A10ED842872C63B002FF941 /* SheetWithDragGesture */ = {
			isa = PBXGroup;
			children = (
				3A10ED932872CA27002FF941 /* View */,
				3A10ED852872C63B002FF941 /* SheetWithDragGestureApp.swift */,
				3A10ED872872C63B002FF941 /* ContentView.swift */,
				3A10ED892872C63D002FF941 /* Assets.xcassets */,
				3A10ED8B2872C63D002FF941 /* Preview Content */,
			);
			path = SheetWithDragGesture;
			sourceTree = "<group>";
		};
		3A10ED8B2872C63D002FF941 /* Preview Content */ = {
			isa = PBXGroup;
			children = (
				3A10ED8C2872C63D002FF941 /* Preview Assets.xcassets */,
			);
			path = "Preview Content";
			sourceTree = "<group>";
		};
		3A10ED932872CA27002FF941 /* View */ = {
			isa = PBXGroup;
			children = (
				3A10ED942872CA50002FF941 /* Home.swift */,
				3A10ED962872CC3F002FF941 /* BlurView.swift */,
				3A10ED982872CDEE002FF941 /* CustomCorner.swift */,
				3A10ED9A2872D80E002FF941 /* BottomContent.swift */,
			);
			path = View;
			sourceTree = "<group>";
		};
/* End PBXGroup section */

/* Begin PBXNativeTarget section */
		3A10ED812872C63B002FF941 /* SheetWithDragGesture */ = {
			isa = PBXNativeTarget;
			buildConfigurationList = 3A10ED902872C63D002FF941 /* Build configuration list for PBXNativeTarget "SheetWithDragGesture" */;
			buildPhases = (
				3A10ED7E2872C63B002FF941 /* Sources */,
				3A10ED7F2872C63B002FF941 /* Frameworks */,
				3A10ED802872C63B002FF941 /* Resources */,
			);
			buildRules = (
			);
			dependencies = (
			);
			name = SheetWithDragGesture;
			productName = SheetWithDragGesture;
			productReference = 3A10ED822872C63B002FF941 /* SheetWithDragGesture.app */;
			productType = "com.apple.product-type.application";
		};
/* End PBXNativeTarget section */

/* Begin PBXProject section */
		3A10ED7A2872C63B002FF941 /* Project object */ = {
			isa = PBXProject;
			attributes = {
				BuildIndependentTargetsInParallel = 1;
				LastSwiftUpdateCheck = 1340;
				LastUpgradeCheck = 1340;
				TargetAttributes = {
					3A10ED812872C63B002FF941 = {
						CreatedOnToolsVersion = 13.4.1;
					};
				};
			};
			buildConfigurationList = 3A10ED7D2872C63B002FF941 /* Build configuration list for PBXProject "SheetWithDragGesture" */;
			compatibilityVersion = "Xcode 13.0";
			developmentRegion = en;
			hasScannedForEncodings = 0;
			knownRegions = (
				en,
				Base,
			);
			mainGroup = 3A10ED792872C63B002FF941;
			productRefGroup = 3A10ED832872C63B002FF941 /* Products */;
			projectDirPath = "";
			projectRoot = "";
			targets = (
				3A10ED812872C63B002FF941 /* SheetWithDragGesture */,
			);
		};
/* End PBXProject section */

/* Begin PBXResourcesBuildPhase section */
		3A10ED802872C63B002FF941 /* Resources */ = {
			isa = PBXResourcesBuildPhase;
			buildActionMask = 2147483647;
			files = (
				3A10ED8D2872C63D002FF941 /* Preview Assets.xcassets in Resources */,
				3A10ED8A2872C63D002FF941 /* Assets.xcassets in Resources */,
			);
			runOnlyForDeploymentPostprocessing = 0;
		};
/* End PBXResourcesBuildPhase section */

/* Begin PBXSourcesBuildPhase section */
		3A10ED7E2872C63B002FF941 /* Sources */ = {
			isa = PBXSourcesBuildPhase;
			buildActionMask = 2147483647;
			files = (
				3A10ED882872C63B002FF941 /* ContentView.swift in Sources */,
				3A10ED992872CDEE002FF941 /* CustomCorner.swift in Sources */,
				3A10ED9B2872D80E002FF941 /* BottomContent.swift in Sources */,
				3A10ED972872CC3F002FF941 /* BlurView.swift in Sources */,
				3A10ED952872CA50002FF941 /* Home.swift in Sources */,
				3A10ED862872C63B002FF941 /* SheetWithDragGestureApp.swift in Sources */,
			);
			runOnlyForDeploymentPostprocessing = 0;
		};
/* End PBXSourcesBuildPhase section */

/* Begin XCBuildConfiguration section */
		3A10ED8E2872C63D002FF941 /* Debug */ = {
			isa = XCBuildConfiguration;
			buildSettings = {
				ALWAYS_SEARCH_USER_PATHS = NO;
				CLANG_ANALYZER_NONNULL = YES;
				CLANG_ANALYZER_NUMBER_OBJECT_CONVERSION = YES_AGGRESSIVE;
				CLANG_CXX_LANGUAGE_STANDARD = "gnu++17";
				CLANG_ENABLE_MODULES = YES;
				CLANG_ENABLE_OBJC_ARC = YES;
				CLANG_ENABLE_OBJC_WEAK = YES;
				CLANG_WARN_BLOCK_CAPTURE_AUTORELEASING = YES;
				CLANG_WARN_BOOL_CONVERSION = YES;
				CLANG_WARN_COMMA = YES;
				CLANG_WARN_CONSTANT_CONVERSION = YES;
				CLANG_WARN_DEPRECATED_OBJC_IMPLEMENTATIONS = YES;
				CLANG_WARN_DIRECT_OBJC_ISA_USAGE = YES_ERROR;
				CLANG_WARN_DOCUMENTATION_COMMENTS = YES;
				CLANG_WARN_EMPTY_BODY = YES;
				CLANG_WARN_ENUM_CONVERSION = YES;
				CLANG_WARN_INFINITE_RECURSION = YES;
				CLANG_WARN_INT_CONVERSION = YES;
				CLANG_WARN_NON_LITERAL_NULL_CONVERSION = YES;
				CLANG_WARN_OBJC_IMPLICIT_RETAIN_SELF = YES;
				CLANG_WARN_OBJC_LITERAL_CONVERSION = YES;
				CLANG_WARN_OBJC_ROOT_CLASS = YES_ERROR;
				CLANG_WARN_QUOTED_INCLUDE_IN_FRAMEWORK_HEADER = YES;
				CLANG_WARN_RANGE_LOOP_ANALYSIS = YES;
				CLANG_WARN_STRICT_PROTOTYPES = YES;
				CLANG_WARN_SUSPICIOUS_MOVE = YES;
				CLANG_WARN_UNGUARDED_AVAILABILITY = YES_AGGRESSIVE;
				CLANG_WARN_UNREACHABLE_CODE = YES;
				CLANG_WARN__DUPLICATE_METHOD_MATCH = YES;
				COPY_PHASE_STRIP = NO;
				DEBUG_INFORMATION_FORMAT = dwarf;
				ENABLE_STRICT_OBJC_MSGSEND = YES;
				ENABLE_TESTABILITY = YES;
				GCC_C_LANGUAGE_STANDARD = gnu11;
				GCC_DYNAMIC_NO_PIC = NO;
				GCC_NO_COMMON_BLOCKS = YES;
				GCC_OPTIMIZATION_LEVEL = 0;
				GCC_PREPROCESSOR_DEFINITIONS = (
					"DEBUG=1",
					"$(inherited)",
				);
				GCC_WARN_64_TO_32_BIT_CONVERSION = YES;
				GCC_WARN_ABOUT_RETURN_TYPE = YES_ERROR;
				GCC_WARN_UNDECLARED_SELECTOR = YES;
				GCC_WARN_UNINITIALIZED_AUTOS = YES_AGGRESSIVE;
				GCC_WARN_UNUSED_FUNCTION = YES;
				GCC_WARN_UNUSED_VARIABLE = YES;
				IPHONEOS_DEPLOYMENT_TARGET = 15.5;
				MTL_ENABLE_DEBUG_INFO = INCLUDE_SOURCE;
				MTL_FAST_MATH = YES;
				ONLY_ACTIVE_ARCH = YES;
				SDKROOT = iphoneos;
				SWIFT_ACTIVE_COMPILATION_CONDITIONS = DEBUG;
				SWIFT_OPTIMIZATION_LEVEL = "-Onone";
			};
			name = Debug;
		};
		3A10ED8F2872C63D002FF941 /* Release */ = {
			isa = XCBuildConfiguration;
			buildSettings = {
				ALWAYS_SEARCH_USER_PATHS = NO;
				CLANG_ANALYZER_NONNULL = YES;
				CLANG_ANALYZER_NUMBER_OBJECT_CONVERSION = YES_AGGRESSIVE;
				CLANG_CXX_LANGUAGE_STANDARD = "gnu++17";
				CLANG_ENABLE_MODULES = YES;
				CLANG_ENABLE_OBJC_ARC = YES;
				CLANG_ENABLE_OBJC_WEAK = YES;
				CLANG_WARN_BLOCK_CAPTURE_AUTORELEASING = YES;
				CLANG_WARN_BOOL_CONVERSION = YES;
				CLANG_WARN_COMMA = YES;
				CLANG_WARN_CONSTANT_CONVERSION = YES;
				CLANG_WARN_DEPRECATED_OBJC_IMPLEMENTATIONS = YES;
				CLANG_WARN_DIRECT_OBJC_ISA_USAGE = YES_ERROR;
				CLANG_WARN_DOCUMENTATION_COMMENTS = YES;
				CLANG_WARN_EMPTY_BODY = YES;
				CLANG_WARN_ENUM_CONVERSION = YES;
				CLANG_WARN_INFINITE_RECURSION = YES;
				CLANG_WARN_INT_CONVERSION = YES;
				CLANG_WARN_NON_LITERAL_NULL_CONVERSION = YES;
				CLANG_WARN_OBJC_IMPLICIT_RETAIN_SELF = YES;
				CLANG_WARN_OBJC_LITERAL_CONVERSION = YES;
				CLANG_WARN_OBJC_ROOT_CLASS = YES_ERROR;
				CLANG_WARN_QUOTED_INCLUDE_IN_FRAMEWORK_HEADER = YES;
				CLANG_WARN_RANGE_LOOP_ANALYSIS = YES;
				CLANG_WARN_STRICT_PROTOTYPES = YES;
				CLANG_WARN_SUSPICIOUS_MOVE = YES;
				CLANG_WARN_UNGUARDED_AVAILABILITY = YES_AGGRESSIVE;
				CLANG_WARN_UNREACHABLE_CODE = YES;
				CLANG_WARN__DUPLICATE_METHOD_MATCH = YES;
				COPY_PHASE_STRIP = NO;
				DEBUG_INFORMATION_FORMAT = "dwarf-with-dsym";
				ENABLE_NS_ASSERTIONS = NO;
				ENABLE_STRICT_OBJC_MSGSEND = YES;
				GCC_C_LANGUAGE_STANDARD = gnu11;
				GCC_NO_COMMON_BLOCKS = YES;
				GCC_WARN_64_TO_32_BIT_CONVERSION = YES;
				GCC_WARN_ABOUT_RETURN_TYPE = YES_ERROR;
				GCC_WARN_UNDECLARED_SELECTOR = YES;
				GCC_WARN_UNINITIALIZED_AUTOS = YES_AGGRESSIVE;
				GCC_WARN_UNUSED_FUNCTION = YES;
				GCC_WARN_UNUSED_VARIABLE = YES;
				IPHONEOS_DEPLOYMENT_TARGET = 15.5;
				MTL_ENABLE_DEBUG_INFO = NO;
				MTL_FAST_MATH = YES;
				SDKROOT = iphoneos;
				SWIFT_COMPILATION_MODE = wholemodule;
				SWIFT_OPTIMIZATION_LEVEL = "-O";
				VALIDATE_PRODUCT = YES;
			};
			name = Release;
		};
		3A10ED912872C63D002FF941 /* Debug */ = {
			isa = XCBuildConfiguration;
			buildSettings = {
				ASSETCATALOG_COMPILER_APPICON_NAME = AppIcon;
				ASSETCATALOG_COMPILER_GLOBAL_ACCENT_COLOR_NAME = AccentColor;
				CODE_SIGN_STYLE = Automatic;
				CURRENT_PROJECT_VERSION = 1;
				DEVELOPMENT_ASSET_PATHS = "\"SheetWithDragGesture/Preview Content\"";
				DEVELOPMENT_TEAM = 52DNVN4R9M;
				ENABLE_PREVIEWS = YES;
				GENERATE_INFOPLIST_FILE = YES;
				INFOPLIST_KEY_UIApplicationSceneManifest_Generation = YES;
				INFOPLIST_KEY_UIApplicationSupportsIndirectInputEvents = YES;
				INFOPLIST_KEY_UILaunchScreen_Generation = YES;
				INFOPLIST_KEY_UISupportedInterfaceOrientations_iPad = "UIInterfaceOrientationPortrait UIInterfaceOrientationPortraitUpsideDown UIInterfaceOrientationLandscapeLeft UIInterfaceOrientationLandscapeRight";
				INFOPLIST_KEY_UISupportedInterfaceOrientations_iPhone = "UIInterfaceOrientationPortrait UIInterfaceOrientationLandscapeLeft UIInterfaceOrientationLandscapeRight";
				LD_RUNPATH_SEARCH_PATHS = (
					"$(inherited)",
					"@executable_path/Frameworks",
				);
				MARKETING_VERSION = 1.0;
				PRODUCT_BUNDLE_IDENTIFIER = com.furkanaykut.SheetWithDragGesture;
				PRODUCT_NAME = "$(TARGET_NAME)";
				SWIFT_EMIT_LOC_STRINGS = YES;
				SWIFT_VERSION = 5.0;
				TARGETED_DEVICE_FAMILY = "1,2";
			};
			name = Debug;
		};
		3A10ED922872C63D002FF941 /* Release */ = {
			isa = XCBuildConfiguration;
			buildSettings = {
				ASSETCATALOG_COMPILER_APPICON_NAME = AppIcon;
				ASSETCATALOG_COMPILER_GLOBAL_ACCENT_COLOR_NAME = AccentColor;
				CODE_SIGN_STYLE = Automatic;
				CURRENT_PROJECT_VERSION = 1;
				DEVELOPMENT_ASSET_PATHS = "\"SheetWithDragGesture/Preview Content\"";
				DEVELOPMENT_TEAM = 52DNVN4R9M;
				ENABLE_PREVIEWS = YES;
				GENERATE_INFOPLIST_FILE = YES;
				INFOPLIST_KEY_UIApplicationSceneManifest_Generation = YES;
				INFOPLIST_KEY_UIApplicationSupportsIndirectInputEvents = YES;
				INFOPLIST_KEY_UILaunchScreen_Generation = YES;
				INFOPLIST_KEY_UISupportedInterfaceOrientations_iPad = "UIInterfaceOrientationPortrait UIInterfaceOrientationPortraitUpsideDown UIInterfaceOrientationLandscapeLeft UIInterfaceOrientationLandscapeRight";
				INFOPLIST_KEY_UISupportedInterfaceOrientations_iPhone = "UIInterfaceOrientationPortrait UIInterfaceOrientationLandscapeLeft UIInterfaceOrientationLandscapeRight";
				LD_RUNPATH_SEARCH_PATHS = (
					"$(inherited)",
					"@executable_path/Frameworks",
				);
				MARKETING_VERSION = 1.0;
				PRODUCT_BUNDLE_IDENTIFIER = com.furkanaykut.SheetWithDragGesture;
				PRODUCT_NAME = "$(TARGET_NAME)";
				SWIFT_EMIT_LOC_STRINGS = YES;
				SWIFT_VERSION = 5.0;
				TARGETED_DEVICE_FAMILY = "1,2";
			};
			name = Release;
		};
/* End XCBuildConfiguration section */

/* Begin XCConfigurationList section */
		3A10ED7D2872C63B002FF941 /* Build configuration list for PBXProject "SheetWithDragGesture" */ = {
			isa = XCConfigurationList;
			buildConfigurations = (
				3A10ED8E2872C63D002FF941 /* Debug */,
				3A10ED8F2872C63D002FF941 /* Release */,
			);
			defaultConfigurationIsVisible = 0;
			defaultConfigurationName = Release;
		};
		3A10ED902872C63D002FF941 /* Build configuration list for PBXNativeTarget "SheetWithDragGesture" */ = {
			isa = XCConfigurationList;
			buildConfigurations = (
				3A10ED912872C63D002FF941 /* Debug */,
				3A10ED922872C63D002FF941 /* Release */,
			);
			defaultConfigurationIsVisible = 0;
			defaultConfigurationName = Release;
		};
/* End XCConfigurationList section */
	};
	rootObject = 3A10ED7A2872C63B002FF941 /* Project object */;
}
